
Microsoft Visual Studio Solution File, Format Version 12.00
# Visual Studio Version 16
VisualStudioVersion = 16.0.30516.212
MinimumVisualStudioVersion = 10.0.40219.1
Project("{9A19103F-16F7-4668-BE54-9A1E7A4F7556}") = "Statyk", "Statyk\Statyk.csproj", "{1F49D1A2-5945-4727-8BDB-E5FD4F02015E}"
EndProject
Project("{9A19103F-16F7-4668-BE54-9A1E7A4F7556}") = "Statyk.IntegratedTests", "Statyk.IntegratedTests\Statyk.IntegratedTests.csproj", "{E26B3A3F-ABE6-453C-9F09-1AAD03986287}"
EndProject
Global
	GlobalSection(SolutionConfigurationPlatforms) = preSolution
		Debug|Any CPU = Debug|Any CPU
		Release|Any CPU = Release|Any CPU
	EndGlobalSection
	GlobalSection(ProjectConfigurationPlatforms) = postSolution
		{1F49D1A2-5945-4727-8BDB-E5FD4F02015E}.Debug|Any CPU.ActiveCfg = Debug|Any CPU
		{1F49D1A2-5945-4727-8BDB-E5FD4F02015E}.Debug|Any CPU.Build.0 = Debug|Any CPU
		{1F49D1A2-5945-4727-8BDB-E5FD4F02015E}.Release|Any CPU.ActiveCfg = Release|Any CPU
		{1F49D1A2-5945-4727-8BDB-E5FD4F02015E}.Release|Any CPU.Build.0 = Release|Any CPU
		{E26B3A3F-ABE6-453C-9F09-1AAD03986287}.Debug|Any CPU.ActiveCfg = Debug|Any CPU
		{E26B3A3F-ABE6-453C-9F09-1AAD03986287}.Debug|Any CPU.Build.0 = Debug|Any CPU
		{E26B3A3F-ABE6-453C-9F09-1AAD03986287}.Release|Any CPU.ActiveCfg = Release|Any CPU
		{E26B3A3F-ABE6-453C-9F09-1AAD03986287}.Release|Any CPU.Build.0 = Release|Any CPU
	EndGlobalSection
	GlobalSection(SolutionProperties) = preSolution
		HideSolutionNode = FALSE
	EndGlobalSection
	GlobalSection(ExtensibilityGlobals) = postSolution
		SolutionGuid = {ED674700-3977-4782-B36E-D46DC8842C07}
	EndGlobalSection
EndGlobal
